
Microsoft Visual Studio Solution File, Format Version 12.00
# Visual Studio Version 17
VisualStudioVersion = 17.2.32630.192
MinimumVisualStudioVersion = 10.0.40219.1
Project("{FAE04EC0-301F-11D3-BF4B-00C04F79EFBC}") = "TauChien", "TauChien\TauChien.csproj", "{F5A9B20B-1EC7-4FD4-B4CB-2556962375C5}"
EndProject
Global
	GlobalSection(SolutionConfigurationPlatforms) = preSolution
		Debug|Any CPU = Debug|Any CPU
		Release|Any CPU = Release|Any CPU
	EndGlobalSection
	GlobalSection(ProjectConfigurationPlatforms) = postSolution
		{F5A9B20B-1EC7-4FD4-B4CB-2556962375C5}.Debug|Any CPU.ActiveCfg = Debug|Any CPU
		{F5A9B20B-1EC7-4FD4-B4CB-2556962375C5}.Debug|Any CPU.Build.0 = Debug|Any CPU
		{F5A9B20B-1EC7-4FD4-B4CB-2556962375C5}.Release|Any CPU.ActiveCfg = Release|Any CPU
		{F5A9B20B-1EC7-4FD4-B4CB-2556962375C5}.Release|Any CPU.Build.0 = Release|Any CPU
	EndGlobalSection
	GlobalSection(SolutionProperties) = preSolution
		HideSolutionNode = FALSE
	EndGlobalSection
	GlobalSection(ExtensibilityGlobals) = postSolution
		SolutionGuid = {0ECF2B4C-9BE6-49B7-AD82-753CE5DC44A1}
	EndGlobalSection
EndGlobal
